
Microsoft Visual Studio Solution File, Format Version 12.00
# Visual Studio 15
VisualStudioVersion = 15.0.27130.2027
MinimumVisualStudioVersion = 10.0.40219.1
Project("{FAE04EC0-301F-11D3-BF4B-00C04F79EFBC}") = "AppContacts.Android", "AppContacts\AppContacts.Android\AppContacts.Android.csproj", "{4575B622-EF17-4106-B4CB-8A5274A0B0CC}"
EndProject
Project("{FAE04EC0-301F-11D3-BF4B-00C04F79EFBC}") = "AppContacts.iOS", "AppContacts\AppContacts.iOS\AppContacts.iOS.csproj", "{C03B29C2-90E7-4E9D-A8A2-2725FCF9264C}"
EndProject
Project("{FAE04EC0-301F-11D3-BF4B-00C04F79EFBC}") = "AppContacts", "AppContacts\AppContacts\AppContacts.csproj", "{3C15E158-9EDA-490F-94B4-A3025CAFCB8A}"
EndProject
Global
	GlobalSection(SolutionConfigurationPlatforms) = preSolution
		Ad-Hoc|Any CPU = Ad-Hoc|Any CPU
		Ad-Hoc|iPhone = Ad-Hoc|iPhone
		Ad-Hoc|iPhoneSimulator = Ad-Hoc|iPhoneSimulator
		AppStore|Any CPU = AppStore|Any CPU
		AppStore|iPhone = AppStore|iPhone
		AppStore|iPhoneSimulator = AppStore|iPhoneSimulator
		Debug|Any CPU = Debug|Any CPU
		Debug|iPhone = Debug|iPhone
		Debug|iPhoneSimulator = Debug|iPhoneSimulator
		Release|Any CPU = Release|Any CPU
		Release|iPhone = Release|iPhone
		Release|iPhoneSimulator = Release|iPhoneSimulator
	EndGlobalSection
	GlobalSection(ProjectConfigurationPlatforms) = postSolution
		{4575B622-EF17-4106-B4CB-8A5274A0B0CC}.Ad-Hoc|Any CPU.ActiveCfg = Release|Any CPU
		{4575B622-EF17-4106-B4CB-8A5274A0B0CC}.Ad-Hoc|Any CPU.Build.0 = Release|Any CPU
		{4575B622-EF17-4106-B4CB-8A5274A0B0CC}.Ad-Hoc|Any CPU.Deploy.0 = Release|Any CPU
		{4575B622-EF17-4106-B4CB-8A5274A0B0CC}.Ad-Hoc|iPhone.ActiveCfg = Release|Any CPU
		{4575B622-EF17-4106-B4CB-8A5274A0B0CC}.Ad-Hoc|iPhone.Build.0 = Release|Any CPU
		{4575B622-EF17-4106-B4CB-8A5274A0B0CC}.Ad-Hoc|iPhone.Deploy.0 = Release|Any CPU
		{4575B622-EF17-4106-B4CB-8A5274A0B0CC}.Ad-Hoc|iPhoneSimulator.ActiveCfg = Release|Any CPU
		{4575B622-EF17-4106-B4CB-8A5274A0B0CC}.Ad-Hoc|iPhoneSimulator.Build.0 = Release|Any CPU
		{4575B622-EF17-4106-B4CB-8A5274A0B0CC}.Ad-Hoc|iPhoneSimulator.Deploy.0 = Release|Any CPU
		{4575B622-EF17-4106-B4CB-8A5274A0B0CC}.AppStore|Any CPU.ActiveCfg = Release|Any CPU
		{4575B622-EF17-4106-B4CB-8A5274A0B0CC}.AppStore|Any CPU.Build.0 = Release|Any CPU
		{4575B622-EF17-4106-B4CB-8A5274A0B0CC}.AppStore|Any CPU.Deploy.0 = Release|Any CPU
		{4575B622-EF17-4106-B4CB-8A5274A0B0CC}.AppStore|iPhone.ActiveCfg = Release|Any CPU
		{4575B622-EF17-4106-B4CB-8A5274A0B0CC}.AppStore|iPhone.Build.0 = Release|Any CPU
		{4575B622-EF17-4106-B4CB-8A5274A0B0CC}.AppStore|iPhone.Deploy.0 = Release|Any CPU
		{4575B622-EF17-4106-B4CB-8A5274A0B0CC}.AppStore|iPhoneSimulator.ActiveCfg = Release|Any CPU
		{4575B622-EF17-4106-B4CB-8A5274A0B0CC}.AppStore|iPhoneSimulator.Build.0 = Release|Any CPU
		{4575B622-EF17-4106-B4CB-8A5274A0B0CC}.AppStore|iPhoneSimulator.Deploy.0 = Release|Any CPU
		{4575B622-EF17-4106-B4CB-8A5274A0B0CC}.Debug|Any CPU.ActiveCfg = Debug|Any CPU
		{4575B622-EF17-4106-B4CB-8A5274A0B0CC}.Debug|Any CPU.Build.0 = Debug|Any CPU
		{4575B622-EF17-4106-B4CB-8A5274A0B0CC}.Debug|Any CPU.Deploy.0 = Debug|Any CPU
		{4575B622-EF17-4106-B4CB-8A5274A0B0CC}.Debug|iPhone.ActiveCfg = Debug|Any CPU
		{4575B622-EF17-4106-B4CB-8A5274A0B0CC}.Debug|iPhone.Build.0 = Debug|Any CPU
		{4575B622-EF17-4106-B4CB-8A5274A0B0CC}.Debug|iPhone.Deploy.0 = Debug|Any CPU
		{4575B622-EF17-4106-B4CB-8A5274A0B0CC}.Debug|iPhoneSimulator.ActiveCfg = Debug|Any CPU
		{4575B622-EF17-4106-B4CB-8A5274A0B0CC}.Debug|iPhoneSimulator.Build.0 = Debug|Any CPU
		{4575B622-EF17-4106-B4CB-8A5274A0B0CC}.Debug|iPhoneSimulator.Deploy.0 = Debug|Any CPU
		{4575B622-EF17-4106-B4CB-8A5274A0B0CC}.Release|Any CPU.ActiveCfg = Release|Any CPU
		{4575B622-EF17-4106-B4CB-8A5274A0B0CC}.Release|Any CPU.Build.0 = Release|Any CPU
		{4575B622-EF17-4106-B4CB-8A5274A0B0CC}.Release|Any CPU.Deploy.0 = Release|Any CPU
		{4575B622-EF17-4106-B4CB-8A5274A0B0CC}.Release|iPhone.ActiveCfg = Release|Any CPU
		{4575B622-EF17-4106-B4CB-8A5274A0B0CC}.Release|iPhone.Build.0 = Release|Any CPU
		{4575B622-EF17-4106-B4CB-8A5274A0B0CC}.Release|iPhone.Deploy.0 = Release|Any CPU
		{4575B622-EF17-4106-B4CB-8A5274A0B0CC}.Release|iPhoneSimulator.ActiveCfg = Release|Any CPU
		{4575B622-EF17-4106-B4CB-8A5274A0B0CC}.Release|iPhoneSimulator.Build.0 = Release|Any CPU
		{4575B622-EF17-4106-B4CB-8A5274A0B0CC}.Release|iPhoneSimulator.Deploy.0 = Release|Any CPU
		{C03B29C2-90E7-4E9D-A8A2-2725FCF9264C}.Ad-Hoc|Any CPU.ActiveCfg = Ad-Hoc|iPhone
		{C03B29C2-90E7-4E9D-A8A2-2725FCF9264C}.Ad-Hoc|iPhone.ActiveCfg = Ad-Hoc|iPhone
		{C03B29C2-90E7-4E9D-A8A2-2725FCF9264C}.Ad-Hoc|iPhone.Build.0 = Ad-Hoc|iPhone
		{C03B29C2-90E7-4E9D-A8A2-2725FCF9264C}.Ad-Hoc|iPhoneSimulator.ActiveCfg = Ad-Hoc|iPhoneSimulator
		{C03B29C2-90E7-4E9D-A8A2-2725FCF9264C}.Ad-Hoc|iPhoneSimulator.Build.0 = Ad-Hoc|iPhoneSimulator
		{C03B29C2-90E7-4E9D-A8A2-2725FCF9264C}.AppStore|Any CPU.ActiveCfg = AppStore|iPhone
		{C03B29C2-90E7-4E9D-A8A2-2725FCF9264C}.AppStore|iPhone.ActiveCfg = AppStore|iPhone
		{C03B29C2-90E7-4E9D-A8A2-2725FCF9264C}.AppStore|iPhone.Build.0 = AppStore|iPhone
		{C03B29C2-90E7-4E9D-A8A2-2725FCF9264C}.AppStore|iPhoneSimulator.ActiveCfg = AppStore|iPhoneSimulator
		{C03B29C2-90E7-4E9D-A8A2-2725FCF9264C}.AppStore|iPhoneSimulator.Build.0 = AppStore|iPhoneSimulator
		{C03B29C2-90E7-4E9D-A8A2-2725FCF9264C}.Debug|Any CPU.ActiveCfg = Debug|iPhone
		{C03B29C2-90E7-4E9D-A8A2-2725FCF9264C}.Debug|iPhone.ActiveCfg = Debug|iPhone
		{C03B29C2-90E7-4E9D-A8A2-2725FCF9264C}.Debug|iPhone.Build.0 = Debug|iPhone
		{C03B29C2-90E7-4E9D-A8A2-2725FCF9264C}.Debug|iPhoneSimulator.ActiveCfg = Debug|iPhoneSimulator
		{C03B29C2-90E7-4E9D-A8A2-2725FCF9264C}.Debug|iPhoneSimulator.Build.0 = Debug|iPhoneSimulator
		{C03B29C2-90E7-4E9D-A8A2-2725FCF9264C}.Release|Any CPU.ActiveCfg = Release|iPhone
		{C03B29C2-90E7-4E9D-A8A2-2725FCF9264C}.Release|iPhone.ActiveCfg = Release|iPhone
		{C03B29C2-90E7-4E9D-A8A2-2725FCF9264C}.Release|iPhone.Build.0 = Release|iPhone
		{C03B29C2-90E7-4E9D-A8A2-2725FCF9264C}.Release|iPhoneSimulator.ActiveCfg = Release|iPhoneSimulator
		{C03B29C2-90E7-4E9D-A8A2-2725FCF9264C}.Release|iPhoneSimulator.Build.0 = Release|iPhoneSimulator
		{3C15E158-9EDA-490F-94B4-A3025CAFCB8A}.Ad-Hoc|Any CPU.ActiveCfg = Debug|Any CPU
		{3C15E158-9EDA-490F-94B4-A3025CAFCB8A}.Ad-Hoc|Any CPU.Build.0 = Debug|Any CPU
		{3C15E158-9EDA-490F-94B4-A3025CAFCB8A}.Ad-Hoc|iPhone.ActiveCfg = Debug|Any CPU
		{3C15E158-9EDA-490F-94B4-A3025CAFCB8A}.Ad-Hoc|iPhone.Build.0 = Debug|Any CPU
		{3C15E158-9EDA-490F-94B4-A3025CAFCB8A}.Ad-Hoc|iPhoneSimulator.ActiveCfg = Debug|Any CPU
		{3C15E158-9EDA-490F-94B4-A3025CAFCB8A}.Ad-Hoc|iPhoneSimulator.Build.0 = Debug|Any CPU
		{3C15E158-9EDA-490F-94B4-A3025CAFCB8A}.AppStore|Any CPU.ActiveCfg = Debug|Any CPU
		{3C15E158-9EDA-490F-94B4-A3025CAFCB8A}.AppStore|Any CPU.Build.0 = Debug|Any CPU
		{3C15E158-9EDA-490F-94B4-A3025CAFCB8A}.AppStore|iPhone.ActiveCfg = Debug|Any CPU
		{3C15E158-9EDA-490F-94B4-A3025CAFCB8A}.AppStore|iPhone.Build.0 = Debug|Any CPU
		{3C15E158-9EDA-490F-94B4-A3025CAFCB8A}.AppStore|iPhoneSimulator.ActiveCfg = Debug|Any CPU
		{3C15E158-9EDA-490F-94B4-A3025CAFCB8A}.AppStore|iPhoneSimulator.Build.0 = Debug|Any CPU
		{3C15E158-9EDA-490F-94B4-A3025CAFCB8A}.Debug|Any CPU.ActiveCfg = Debug|Any CPU
		{3C15E158-9EDA-490F-94B4-A3025CAFCB8A}.Debug|Any CPU.Build.0 = Debug|Any CPU
		{3C15E158-9EDA-490F-94B4-A3025CAFCB8A}.Debug|iPhone.ActiveCfg = Debug|Any CPU
		{3C15E158-9EDA-490F-94B4-A3025CAFCB8A}.Debug|iPhone.Build.0 = Debug|Any CPU
		{3C15E158-9EDA-490F-94B4-A3025CAFCB8A}.Debug|iPhoneSimulator.ActiveCfg = Debug|Any CPU
		{3C15E158-9EDA-490F-94B4-A3025CAFCB8A}.Debug|iPhoneSimulator.Build.0 = Debug|Any CPU
		{3C15E158-9EDA-490F-94B4-A3025CAFCB8A}.Release|Any CPU.ActiveCfg = Release|Any CPU
		{3C15E158-9EDA-490F-94B4-A3025CAFCB8A}.Release|Any CPU.Build.0 = Release|Any CPU
		{3C15E158-9EDA-490F-94B4-A3025CAFCB8A}.Release|iPhone.ActiveCfg = Release|Any CPU
		{3C15E158-9EDA-490F-94B4-A3025CAFCB8A}.Release|iPhone.Build.0 = Release|Any CPU
		{3C15E158-9EDA-490F-94B4-A3025CAFCB8A}.Release|iPhoneSimulator.ActiveCfg = Release|Any CPU
		{3C15E158-9EDA-490F-94B4-A3025CAFCB8A}.Release|iPhoneSimulator.Build.0 = Release|Any CPU
	EndGlobalSection
	GlobalSection(SolutionProperties) = preSolution
		HideSolutionNode = FALSE
	EndGlobalSection
	GlobalSection(ExtensibilityGlobals) = postSolution
		SolutionGuid = {FC7415A2-61B3-4794-941C-687DA935DA35}
	EndGlobalSection
EndGlobal
